
Microsoft Visual Studio Solution File, Format Version 12.00
# Visual Studio Version 17
VisualStudioVersion = 17.9.34616.47
MinimumVisualStudioVersion = 10.0.40219.1
Project("{9A19103F-16F7-4668-BE54-9A1E7A4F7556}") = "AccessManagementSystem.Domain", "AccessManagementSystem.Domain\AccessManagementSystem.Domain.csproj", "{27DE29FF-9961-4DC5-9ED8-F5832504907B}"
EndProject
Project("{9A19103F-16F7-4668-BE54-9A1E7A4F7556}") = "AccessManagementSystem.Data", "AccessManagementSystem.Data\AccessManagementSystem.Data.csproj", "{D5836E5B-915B-4DD9-9A6D-D7009E97DE28}"
EndProject
Project("{2150E333-8FDC-42A3-9474-1A3956D46DE8}") = "01-Domain", "01-Domain", "{916E60CC-5A2B-4D49-AF9A-DADE6ACC17BF}"
EndProject
Project("{2150E333-8FDC-42A3-9474-1A3956D46DE8}") = "02-Data", "02-Data", "{E615A84E-022B-4A26-8055-25FBDD88BA92}"
EndProject
Project("{2150E333-8FDC-42A3-9474-1A3956D46DE8}") = "03-API", "03-API", "{03FFCD61-9C49-4787-9136-E70FDBF29217}"
EndProject
Project("{9A19103F-16F7-4668-BE54-9A1E7A4F7556}") = "AccessManagementSystem.API", "AccessManagementSystem.API\AccessManagementSystem.API.csproj", "{76C2C1B8-AC59-40D2-9D4F-9742C7F71322}"
EndProject
Project("{2150E333-8FDC-42A3-9474-1A3956D46DE8}") = "04-Tests", "04-Tests", "{EF53155E-DE53-4912-B8D1-01027A279E60}"
EndProject
Project("{FAE04EC0-301F-11D3-BF4B-00C04F79EFBC}") = "AccessManagementSystem.Tests", "AccessManagementSystem.Domain.Tests\AccessManagementSystem.Tests.csproj", "{3EA4DFD9-0D88-4806-8AFD-B23CDC375374}"
EndProject
Global
	GlobalSection(SolutionConfigurationPlatforms) = preSolution
		Debug|Any CPU = Debug|Any CPU
		Release|Any CPU = Release|Any CPU
	EndGlobalSection
	GlobalSection(ProjectConfigurationPlatforms) = postSolution
		{27DE29FF-9961-4DC5-9ED8-F5832504907B}.Debug|Any CPU.ActiveCfg = Debug|Any CPU
		{27DE29FF-9961-4DC5-9ED8-F5832504907B}.Debug|Any CPU.Build.0 = Debug|Any CPU
		{27DE29FF-9961-4DC5-9ED8-F5832504907B}.Release|Any CPU.ActiveCfg = Release|Any CPU
		{27DE29FF-9961-4DC5-9ED8-F5832504907B}.Release|Any CPU.Build.0 = Release|Any CPU
		{D5836E5B-915B-4DD9-9A6D-D7009E97DE28}.Debug|Any CPU.ActiveCfg = Debug|Any CPU
		{D5836E5B-915B-4DD9-9A6D-D7009E97DE28}.Debug|Any CPU.Build.0 = Debug|Any CPU
		{D5836E5B-915B-4DD9-9A6D-D7009E97DE28}.Release|Any CPU.ActiveCfg = Release|Any CPU
		{D5836E5B-915B-4DD9-9A6D-D7009E97DE28}.Release|Any CPU.Build.0 = Release|Any CPU
		{76C2C1B8-AC59-40D2-9D4F-9742C7F71322}.Debug|Any CPU.ActiveCfg = Debug|Any CPU
		{76C2C1B8-AC59-40D2-9D4F-9742C7F71322}.Debug|Any CPU.Build.0 = Debug|Any CPU
		{76C2C1B8-AC59-40D2-9D4F-9742C7F71322}.Release|Any CPU.ActiveCfg = Release|Any CPU
		{76C2C1B8-AC59-40D2-9D4F-9742C7F71322}.Release|Any CPU.Build.0 = Release|Any CPU
		{3EA4DFD9-0D88-4806-8AFD-B23CDC375374}.Debug|Any CPU.ActiveCfg = Debug|Any CPU
		{3EA4DFD9-0D88-4806-8AFD-B23CDC375374}.Debug|Any CPU.Build.0 = Debug|Any CPU
		{3EA4DFD9-0D88-4806-8AFD-B23CDC375374}.Release|Any CPU.ActiveCfg = Release|Any CPU
		{3EA4DFD9-0D88-4806-8AFD-B23CDC375374}.Release|Any CPU.Build.0 = Release|Any CPU
	EndGlobalSection
	GlobalSection(SolutionProperties) = preSolution
		HideSolutionNode = FALSE
	EndGlobalSection
	GlobalSection(NestedProjects) = preSolution
		{27DE29FF-9961-4DC5-9ED8-F5832504907B} = {916E60CC-5A2B-4D49-AF9A-DADE6ACC17BF}
		{D5836E5B-915B-4DD9-9A6D-D7009E97DE28} = {E615A84E-022B-4A26-8055-25FBDD88BA92}
		{76C2C1B8-AC59-40D2-9D4F-9742C7F71322} = {03FFCD61-9C49-4787-9136-E70FDBF29217}
		{3EA4DFD9-0D88-4806-8AFD-B23CDC375374} = {EF53155E-DE53-4912-B8D1-01027A279E60}
	EndGlobalSection
	GlobalSection(ExtensibilityGlobals) = postSolution
		SolutionGuid = {EB182CE9-2C12-4F5F-B9E7-FB807B986AE8}
	EndGlobalSection
EndGlobal
